
Microsoft Visual Studio Solution File, Format Version 12.00
# Visual Studio Version 17
VisualStudioVersion = 17.5.002.0
MinimumVisualStudioVersion = 10.0.40219.1
Project("{9A19103F-16F7-4668-BE54-9A1E7A4F7556}") = "assetsmentCelsiaAnthony", "assetsmentCelsiaAnthony.csproj", "{9215F544-B198-4A08-9268-C07AEC4B465D}"
EndProject
Global
	GlobalSection(SolutionConfigurationPlatforms) = preSolution
		Debug|Any CPU = Debug|Any CPU
		Release|Any CPU = Release|Any CPU
	EndGlobalSection
	GlobalSection(ProjectConfigurationPlatforms) = postSolution
		{9215F544-B198-4A08-9268-C07AEC4B465D}.Debug|Any CPU.ActiveCfg = Debug|Any CPU
		{9215F544-B198-4A08-9268-C07AEC4B465D}.Debug|Any CPU.Build.0 = Debug|Any CPU
		{9215F544-B198-4A08-9268-C07AEC4B465D}.Release|Any CPU.ActiveCfg = Release|Any CPU
		{9215F544-B198-4A08-9268-C07AEC4B465D}.Release|Any CPU.Build.0 = Release|Any CPU
	EndGlobalSection
	GlobalSection(SolutionProperties) = preSolution
		HideSolutionNode = FALSE
	EndGlobalSection
	GlobalSection(ExtensibilityGlobals) = postSolution
		SolutionGuid = {2AEF2D8E-D34F-4B51-AFE7-0A1DADB32D21}
	EndGlobalSection
EndGlobal
